Microsoft Visual Studio Solution File, Format Version 12.00
# Visual Studio Version 16
Project("{8BC9CEB8-8B4A-11D0-8D11-00A0C91BC942}") = "dir", "D:/mywork/lib2/qcad/scripts/Draw/Spline/dir\dir.vcxproj", "{6BB59832-81E3-3673-A0F2-F8A6AB3414FE}"
EndProject
Project("{8BC9CEB8-8B4A-11D0-8D11-00A0C91BC942}") = "SplineControlPoints", "D:/mywork/lib2/qcad/scripts/Draw/Spline/SplineControlPoints\SplineControlPoints.vcxproj", "{85A2EE42-023A-36E6-88D3-69D07F4A8E09}"
EndProject
Global
	GlobalSection(SolutionConfigurationPlatforms) = preSolution
		Debug|x64 = Debug|x64
		Release|x64 = Release|x64
	EndGlobalSection
	GlobalSection(ProjectConfigurationPlatforms) = postSolution
		{6BB59832-81E3-3673-A0F2-F8A6AB3414FE}.Debug|x64.ActiveCfg = Debug|x64
		{6BB59832-81E3-3673-A0F2-F8A6AB3414FE}.Debug|x64.Build.0 = Debug|x64
		{6BB59832-81E3-3673-A0F2-F8A6AB3414FE}.Release|x64.ActiveCfg = Release|x64
		{6BB59832-81E3-3673-A0F2-F8A6AB3414FE}.Release|x64.Build.0 = Release|x64
		{85A2EE42-023A-36E6-88D3-69D07F4A8E09}.Debug|x64.ActiveCfg = Debug|x64
		{85A2EE42-023A-36E6-88D3-69D07F4A8E09}.Debug|x64.Build.0 = Debug|x64
		{85A2EE42-023A-36E6-88D3-69D07F4A8E09}.Release|x64.ActiveCfg = Release|x64
		{85A2EE42-023A-36E6-88D3-69D07F4A8E09}.Release|x64.Build.0 = Release|x64
	EndGlobalSection
	GlobalSection(ExtensibilityGlobals) = postSolution
	EndGlobalSection
	GlobalSection(ExtensibilityAddIns) = postSolution
	EndGlobalSection
EndGlobal