Microsoft Visual Studio Solution File, Format Version 12.00
# Visual Studio Version 16
Project("{8BC9CEB8-8B4A-11D0-8D11-00A0C91BC942}") = "dir", "D:/mywork/lib2/qcad/scripts/Misc/Examples/CommandLineExamples/dir\dir.vcxproj", "{BBD2485C-5384-35A0-855E-3412DCD98002}"
EndProject
Project("{8BC9CEB8-8B4A-11D0-8D11-00A0C91BC942}") = "ExSetColor", "D:/mywork/lib2/qcad/scripts/Misc/Examples/CommandLineExamples/ExSetColor\ExSetColor.vcxproj", "{0F5F9033-D354-3F5C-9CE3-045647331ED8}"
EndProject
Global
	GlobalSection(SolutionConfigurationPlatforms) = preSolution
		Debug|x64 = Debug|x64
		Release|x64 = Release|x64
	EndGlobalSection
	GlobalSection(ProjectConfigurationPlatforms) = postSolution
		{BBD2485C-5384-35A0-855E-3412DCD98002}.Debug|x64.ActiveCfg = Debug|x64
		{BBD2485C-5384-35A0-855E-3412DCD98002}.Debug|x64.Build.0 = Debug|x64
		{BBD2485C-5384-35A0-855E-3412DCD98002}.Release|x64.ActiveCfg = Release|x64
		{BBD2485C-5384-35A0-855E-3412DCD98002}.Release|x64.Build.0 = Release|x64
		{0F5F9033-D354-3F5C-9CE3-045647331ED8}.Debug|x64.ActiveCfg = Debug|x64
		{0F5F9033-D354-3F5C-9CE3-045647331ED8}.Debug|x64.Build.0 = Debug|x64
		{0F5F9033-D354-3F5C-9CE3-045647331ED8}.Release|x64.ActiveCfg = Release|x64
		{0F5F9033-D354-3F5C-9CE3-045647331ED8}.Release|x64.Build.0 = Release|x64
	EndGlobalSection
	GlobalSection(ExtensibilityGlobals) = postSolution
	EndGlobalSection
	GlobalSection(ExtensibilityAddIns) = postSolution
	EndGlobalSection
EndGlobal