<?xml version="1.0" encoding="utf-8"?>
<Project xmlns="http://schemas.microsoft.com/developer/msbuild/2003">
  <ItemGroup>
    <Filter Include="Form Files">
      <UniqueIdentifier>{99349809-55BA-4b9d-BF79-8FDBB0286EB3}</UniqueIdentifier>
      <Extensions>ui</Extensions>
      <ParseFiles>false</ParseFiles>
    </Filter>
    <Filter Include="Form Files">
      <UniqueIdentifier>{99349809-55BA-4b9d-BF79-8FDBB0286EB3}</UniqueIdentifier>
      <Extensions>ui</Extensions>
      <ParseFiles>false</ParseFiles>
    </Filter>
    <Filter Include="Generated Files">
      <UniqueIdentifier>{71ED8ED8-ACB9-4CE9-BBE1-E00B30144E11}</UniqueIdentifier>
      <Extensions>cpp;c;cxx;moc;h;def;odl;idl;res;</Extensions>
    </Filter>
    <Filter Include="Generated Files">
      <UniqueIdentifier>{71ED8ED8-ACB9-4CE9-BBE1-E00B30144E11}</UniqueIdentifier>
      <Extensions>cpp;c;cxx;moc;h;def;odl;idl;res;</Extensions>
    </Filter>
    <Filter Include="Source Files">
      <UniqueIdentifier>{4FC737F1-C7A5-4376-A066-2A32D752A2FF}</UniqueIdentifier>
      <Extensions>cpp;c;cxx;def;odl;idl;hpj;bat;asm;asmx</Extensions>
    </Filter>
    <Filter Include="Source Files">
      <UniqueIdentifier>{4FC737F1-C7A5-4376-A066-2A32D752A2FF}</UniqueIdentifier>
      <Extensions>cpp;c;cxx;def;odl;idl;hpj;bat;asm;asmx</Extensions>
    </Filter>
  </ItemGroup>
  <ItemGroup>
    <ClCompile Include="ViewportWidget.js">
      <Filter>Source Files</Filter>
    </ClCompile>
  </ItemGroup>
  <ItemGroup>
    <CustomBuild Include="debug\moc_predefs.h.cbt">
      <Filter>Generated Files</Filter>
    </CustomBuild>
    <CustomBuild Include="release\moc_predefs.h.cbt">
      <Filter>Generated Files</Filter>
    </CustomBuild>
  </ItemGroup>
  <ItemGroup>
    <CustomBuild Include="Templates\00_Single.ui">
      <Filter>Form Files</Filter>
    </CustomBuild>
    <CustomBuild Include="Templates\10_TwoVertical.ui">
      <Filter>Form Files</Filter>
    </CustomBuild>
    <CustomBuild Include="Templates\11_TwoHorizontal.ui">
      <Filter>Form Files</Filter>
    </CustomBuild>
    <CustomBuild Include="Templates\20_ThreeRight.ui">
      <Filter>Form Files</Filter>
    </CustomBuild>
    <CustomBuild Include="Templates\21_ThreeLeft.ui">
      <Filter>Form Files</Filter>
    </CustomBuild>
    <CustomBuild Include="Templates\22_ThreeAbove.ui">
      <Filter>Form Files</Filter>
    </CustomBuild>
    <CustomBuild Include="Templates\23_ThreeBelow.ui">
      <Filter>Form Files</Filter>
    </CustomBuild>
    <CustomBuild Include="Templates\24_ThreeVertical.ui">
      <Filter>Form Files</Filter>
    </CustomBuild>
    <CustomBuild Include="Templates\25_ThreeHorizontal.ui">
      <Filter>Form Files</Filter>
    </CustomBuild>
    <CustomBuild Include="Templates\30_FourEqual.ui">
      <Filter>Form Files</Filter>
    </CustomBuild>
    <CustomBuild Include="Templates\31_FourRight.ui">
      <Filter>Form Files</Filter>
    </CustomBuild>
    <CustomBuild Include="Templates\32_FourLeft.ui">
      <Filter>Form Files</Filter>
    </CustomBuild>
    <CustomBuild Include="ViewportWidget.ui">
      <Filter>Form Files</Filter>
    </CustomBuild>
  </ItemGroup>
</Project>