Microsoft Visual Studio Solution File, Format Version 12.00
# Visual Studio Version 16
Project("{8BC9CEB8-8B4A-11D0-8D11-00A0C91BC942}") = "spatialindexnavel", "D:/mywork/lib2/qcad/src/3rdparty/spatialindexnavel\spatialindexnavel.vcxproj", "{6AD9FF91-1C36-3791-B2D2-98A9AC658654}"
EndProject
Project("{8BC9CEB8-8B4A-11D0-8D11-00A0C91BC942}") = "stemmer", "D:/mywork/lib2/qcad/src/3rdparty/stemmer\stemmer.vcxproj", "{534CDABD-182C-3C79-8D46-61C231C0C3C3}"
EndProject
Project("{8BC9CEB8-8B4A-11D0-8D11-00A0C91BC942}") = "zlib", "D:/mywork/lib2/qcad/src/3rdparty/opennurbs/zlib\zlib.vcxproj", "{47070B89-ACA3-36A1-93D9-793184C15074}"
EndProject
Project("{8BC9CEB8-8B4A-11D0-8D11-00A0C91BC942}") = "opennurbs", "D:/mywork/lib2/qcad/src/3rdparty/opennurbs/opennurbs\opennurbs.vcxproj", "{7B9947CD-58E3-32C1-9D62-C9F9D48E2846}"
	ProjectSection(ProjectDependencies) = postProject
		{47070B89-ACA3-36A1-93D9-793184C15074} = {47070B89-ACA3-36A1-93D9-793184C15074}
	EndProjectSection
EndProject
Project("{8BC9CEB8-8B4A-11D0-8D11-00A0C91BC942}") = "dxflib", "D:/mywork/lib2/qcad/src/3rdparty/dxflib\dxflib.vcxproj", "{482C8CDA-7252-3B9D-B950-0F48A90AA7A0}"
EndProject
Project("{8BC9CEB8-8B4A-11D0-8D11-00A0C91BC942}") = "qcadcore", "D:/mywork/lib2/qcad/src/core\qcadcore.vcxproj", "{A57CA65D-06F8-3631-A31F-89BDBD4C6819}"
	ProjectSection(ProjectDependencies) = postProject
		{7B9947CD-58E3-32C1-9D62-C9F9D48E2846} = {7B9947CD-58E3-32C1-9D62-C9F9D48E2846}
		{47070B89-ACA3-36A1-93D9-793184C15074} = {47070B89-ACA3-36A1-93D9-793184C15074}
	EndProjectSection
EndProject
Project("{8BC9CEB8-8B4A-11D0-8D11-00A0C91BC942}") = "qcadentity", "D:/mywork/lib2/qcad/src/entity\qcadentity.vcxproj", "{EB2489B8-394E-369B-A18D-A0185F4FF88F}"
	ProjectSection(ProjectDependencies) = postProject
		{A57CA65D-06F8-3631-A31F-89BDBD4C6819} = {A57CA65D-06F8-3631-A31F-89BDBD4C6819}
		{7B9947CD-58E3-32C1-9D62-C9F9D48E2846} = {7B9947CD-58E3-32C1-9D62-C9F9D48E2846}
	EndProjectSection
EndProject
Project("{8BC9CEB8-8B4A-11D0-8D11-00A0C91BC942}") = "qcadgrid", "D:/mywork/lib2/qcad/src/grid\qcadgrid.vcxproj", "{B425CF28-1B6B-3B78-9E38-375D530AC330}"
	ProjectSection(ProjectDependencies) = postProject
		{A57CA65D-06F8-3631-A31F-89BDBD4C6819} = {A57CA65D-06F8-3631-A31F-89BDBD4C6819}
	EndProjectSection
EndProject
Project("{8BC9CEB8-8B4A-11D0-8D11-00A0C91BC942}") = "qcadscripts", "D:/mywork/lib2/qcad/src/scripts\qcadscripts.vcxproj", "{E7D0BB32-DA4D-3C86-98BD-A0764900762D}"
	ProjectSection(ProjectDependencies) = postProject
		{A57CA65D-06F8-3631-A31F-89BDBD4C6819} = {A57CA65D-06F8-3631-A31F-89BDBD4C6819}
	EndProjectSection
EndProject
Project("{8BC9CEB8-8B4A-11D0-8D11-00A0C91BC942}") = "qcadsnap", "D:/mywork/lib2/qcad/src/snap\qcadsnap.vcxproj", "{73633C83-A60C-3E3F-9E02-9F6903C2BE68}"
	ProjectSection(ProjectDependencies) = postProject
		{A57CA65D-06F8-3631-A31F-89BDBD4C6819} = {A57CA65D-06F8-3631-A31F-89BDBD4C6819}
		{B425CF28-1B6B-3B78-9E38-375D530AC330} = {B425CF28-1B6B-3B78-9E38-375D530AC330}
		{EB2489B8-394E-369B-A18D-A0185F4FF88F} = {EB2489B8-394E-369B-A18D-A0185F4FF88F}
	EndProjectSection
EndProject
Project("{8BC9CEB8-8B4A-11D0-8D11-00A0C91BC942}") = "qcadoperations", "D:/mywork/lib2/qcad/src/operations\qcadoperations.vcxproj", "{5733E394-8E88-3E04-B6EE-BE2B1417F9DE}"
	ProjectSection(ProjectDependencies) = postProject
		{A57CA65D-06F8-3631-A31F-89BDBD4C6819} = {A57CA65D-06F8-3631-A31F-89BDBD4C6819}
		{EB2489B8-394E-369B-A18D-A0185F4FF88F} = {EB2489B8-394E-369B-A18D-A0185F4FF88F}
	EndProjectSection
EndProject
Project("{8BC9CEB8-8B4A-11D0-8D11-00A0C91BC942}") = "qcadstemmer", "D:/mywork/lib2/qcad/src/stemmer\qcadstemmer.vcxproj", "{745C19A8-DEA6-3BB0-BC37-981A08FDE117}"
	ProjectSection(ProjectDependencies) = postProject
		{534CDABD-182C-3C79-8D46-61C231C0C3C3} = {534CDABD-182C-3C79-8D46-61C231C0C3C3}
	EndProjectSection
EndProject
Project("{8BC9CEB8-8B4A-11D0-8D11-00A0C91BC942}") = "qcadspatialindex", "D:/mywork/lib2/qcad/src/spatialindex\qcadspatialindex.vcxproj", "{DE0ED41B-A64E-38A9-A732-941F02BA5DB9}"
	ProjectSection(ProjectDependencies) = postProject
		{A57CA65D-06F8-3631-A31F-89BDBD4C6819} = {A57CA65D-06F8-3631-A31F-89BDBD4C6819}
		{6AD9FF91-1C36-3791-B2D2-98A9AC658654} = {6AD9FF91-1C36-3791-B2D2-98A9AC658654}
	EndProjectSection
EndProject
Project("{8BC9CEB8-8B4A-11D0-8D11-00A0C91BC942}") = "qcadgui", "D:/mywork/lib2/qcad/src/gui\qcadgui.vcxproj", "{77DE64ED-3D03-3A17-A05B-6C2BC1F9F522}"
	ProjectSection(ProjectDependencies) = postProject
		{A57CA65D-06F8-3631-A31F-89BDBD4C6819} = {A57CA65D-06F8-3631-A31F-89BDBD4C6819}
		{EB2489B8-394E-369B-A18D-A0185F4FF88F} = {EB2489B8-394E-369B-A18D-A0185F4FF88F}
	EndProjectSection
EndProject
Project("{8BC9CEB8-8B4A-11D0-8D11-00A0C91BC942}") = "qcaddxf", "D:/mywork/lib2/qcad/src/io/dxf\qcaddxf.vcxproj", "{8B3C87A0-05DA-324F-8090-15255252D595}"
	ProjectSection(ProjectDependencies) = postProject
		{A57CA65D-06F8-3631-A31F-89BDBD4C6819} = {A57CA65D-06F8-3631-A31F-89BDBD4C6819}
		{EB2489B8-394E-369B-A18D-A0185F4FF88F} = {EB2489B8-394E-369B-A18D-A0185F4FF88F}
		{482C8CDA-7252-3B9D-B950-0F48A90AA7A0} = {482C8CDA-7252-3B9D-B950-0F48A90AA7A0}
		{5733E394-8E88-3E04-B6EE-BE2B1417F9DE} = {5733E394-8E88-3E04-B6EE-BE2B1417F9DE}
	EndProjectSection
EndProject
Project("{8BC9CEB8-8B4A-11D0-8D11-00A0C91BC942}") = "qcadcustomwidgets", "D:/mywork/lib2/qcad/src/customwidgets\qcadcustomwidgets.vcxproj", "{AA597108-CF3F-3658-8EEF-A510060E3454}"
	ProjectSection(ProjectDependencies) = postProject
		{77DE64ED-3D03-3A17-A05B-6C2BC1F9F522} = {77DE64ED-3D03-3A17-A05B-6C2BC1F9F522}
		{A57CA65D-06F8-3631-A31F-89BDBD4C6819} = {A57CA65D-06F8-3631-A31F-89BDBD4C6819}
	EndProjectSection
EndProject
Project("{8BC9CEB8-8B4A-11D0-8D11-00A0C91BC942}") = "qcadecmaapi", "D:/mywork/lib2/qcad/src/scripting/ecmaapi\qcadecmaapi.vcxproj", "{380523E5-E4BB-3FF6-83AE-B7BA16021259}"
	ProjectSection(ProjectDependencies) = postProject
		{A57CA65D-06F8-3631-A31F-89BDBD4C6819} = {A57CA65D-06F8-3631-A31F-89BDBD4C6819}
		{EB2489B8-394E-369B-A18D-A0185F4FF88F} = {EB2489B8-394E-369B-A18D-A0185F4FF88F}
		{B425CF28-1B6B-3B78-9E38-375D530AC330} = {B425CF28-1B6B-3B78-9E38-375D530AC330}
		{77DE64ED-3D03-3A17-A05B-6C2BC1F9F522} = {77DE64ED-3D03-3A17-A05B-6C2BC1F9F522}
		{5733E394-8E88-3E04-B6EE-BE2B1417F9DE} = {5733E394-8E88-3E04-B6EE-BE2B1417F9DE}
		{73633C83-A60C-3E3F-9E02-9F6903C2BE68} = {73633C83-A60C-3E3F-9E02-9F6903C2BE68}
		{DE0ED41B-A64E-38A9-A732-941F02BA5DB9} = {DE0ED41B-A64E-38A9-A732-941F02BA5DB9}
		{745C19A8-DEA6-3BB0-BC37-981A08FDE117} = {745C19A8-DEA6-3BB0-BC37-981A08FDE117}
	EndProjectSection
EndProject
Project("{8BC9CEB8-8B4A-11D0-8D11-00A0C91BC942}") = "qcad", "D:/mywork/lib2/qcad/src/run\qcad.vcxproj", "{28D4E26E-07E9-31AB-973E-A13D8A6AEF0E}"
	ProjectSection(ProjectDependencies) = postProject
		{380523E5-E4BB-3FF6-83AE-B7BA16021259} = {380523E5-E4BB-3FF6-83AE-B7BA16021259}
		{77DE64ED-3D03-3A17-A05B-6C2BC1F9F522} = {77DE64ED-3D03-3A17-A05B-6C2BC1F9F522}
		{EB2489B8-394E-369B-A18D-A0185F4FF88F} = {EB2489B8-394E-369B-A18D-A0185F4FF88F}
		{5733E394-8E88-3E04-B6EE-BE2B1417F9DE} = {5733E394-8E88-3E04-B6EE-BE2B1417F9DE}
		{DE0ED41B-A64E-38A9-A732-941F02BA5DB9} = {DE0ED41B-A64E-38A9-A732-941F02BA5DB9}
		{6AD9FF91-1C36-3791-B2D2-98A9AC658654} = {6AD9FF91-1C36-3791-B2D2-98A9AC658654}
		{B425CF28-1B6B-3B78-9E38-375D530AC330} = {B425CF28-1B6B-3B78-9E38-375D530AC330}
		{73633C83-A60C-3E3F-9E02-9F6903C2BE68} = {73633C83-A60C-3E3F-9E02-9F6903C2BE68}
		{A57CA65D-06F8-3631-A31F-89BDBD4C6819} = {A57CA65D-06F8-3631-A31F-89BDBD4C6819}
		{745C19A8-DEA6-3BB0-BC37-981A08FDE117} = {745C19A8-DEA6-3BB0-BC37-981A08FDE117}
		{534CDABD-182C-3C79-8D46-61C231C0C3C3} = {534CDABD-182C-3C79-8D46-61C231C0C3C3}
		{7B9947CD-58E3-32C1-9D62-C9F9D48E2846} = {7B9947CD-58E3-32C1-9D62-C9F9D48E2846}
		{47070B89-ACA3-36A1-93D9-793184C15074} = {47070B89-ACA3-36A1-93D9-793184C15074}
	EndProjectSection
EndProject
Global
	GlobalSection(SolutionConfigurationPlatforms) = preSolution
		Debug|x64 = Debug|x64
		Release|x64 = Release|x64
	EndGlobalSection
	GlobalSection(ProjectConfigurationPlatforms) = postSolution
		{6AD9FF91-1C36-3791-B2D2-98A9AC658654}.Debug|x64.ActiveCfg = Debug|x64
		{6AD9FF91-1C36-3791-B2D2-98A9AC658654}.Debug|x64.Build.0 = Debug|x64
		{6AD9FF91-1C36-3791-B2D2-98A9AC658654}.Release|x64.ActiveCfg = Release|x64
		{6AD9FF91-1C36-3791-B2D2-98A9AC658654}.Release|x64.Build.0 = Release|x64
		{534CDABD-182C-3C79-8D46-61C231C0C3C3}.Debug|x64.ActiveCfg = Debug|x64
		{534CDABD-182C-3C79-8D46-61C231C0C3C3}.Debug|x64.Build.0 = Debug|x64
		{534CDABD-182C-3C79-8D46-61C231C0C3C3}.Release|x64.ActiveCfg = Release|x64
		{534CDABD-182C-3C79-8D46-61C231C0C3C3}.Release|x64.Build.0 = Release|x64
		{47070B89-ACA3-36A1-93D9-793184C15074}.Debug|x64.ActiveCfg = Debug|x64
		{47070B89-ACA3-36A1-93D9-793184C15074}.Debug|x64.Build.0 = Debug|x64
		{47070B89-ACA3-36A1-93D9-793184C15074}.Release|x64.ActiveCfg = Release|x64
		{47070B89-ACA3-36A1-93D9-793184C15074}.Release|x64.Build.0 = Release|x64
		{7B9947CD-58E3-32C1-9D62-C9F9D48E2846}.Debug|x64.ActiveCfg = Debug|x64
		{7B9947CD-58E3-32C1-9D62-C9F9D48E2846}.Debug|x64.Build.0 = Debug|x64
		{7B9947CD-58E3-32C1-9D62-C9F9D48E2846}.Release|x64.ActiveCfg = Release|x64
		{7B9947CD-58E3-32C1-9D62-C9F9D48E2846}.Release|x64.Build.0 = Release|x64
		{482C8CDA-7252-3B9D-B950-0F48A90AA7A0}.Debug|x64.ActiveCfg = Debug|x64
		{482C8CDA-7252-3B9D-B950-0F48A90AA7A0}.Debug|x64.Build.0 = Debug|x64
		{482C8CDA-7252-3B9D-B950-0F48A90AA7A0}.Release|x64.ActiveCfg = Release|x64
		{482C8CDA-7252-3B9D-B950-0F48A90AA7A0}.Release|x64.Build.0 = Release|x64
		{A57CA65D-06F8-3631-A31F-89BDBD4C6819}.Debug|x64.ActiveCfg = Debug|x64
		{A57CA65D-06F8-3631-A31F-89BDBD4C6819}.Debug|x64.Build.0 = Debug|x64
		{A57CA65D-06F8-3631-A31F-89BDBD4C6819}.Release|x64.ActiveCfg = Release|x64
		{A57CA65D-06F8-3631-A31F-89BDBD4C6819}.Release|x64.Build.0 = Release|x64
		{EB2489B8-394E-369B-A18D-A0185F4FF88F}.Debug|x64.ActiveCfg = Debug|x64
		{EB2489B8-394E-369B-A18D-A0185F4FF88F}.Debug|x64.Build.0 = Debug|x64
		{EB2489B8-394E-369B-A18D-A0185F4FF88F}.Release|x64.ActiveCfg = Release|x64
		{EB2489B8-394E-369B-A18D-A0185F4FF88F}.Release|x64.Build.0 = Release|x64
		{B425CF28-1B6B-3B78-9E38-375D530AC330}.Debug|x64.ActiveCfg = Debug|x64
		{B425CF28-1B6B-3B78-9E38-375D530AC330}.Debug|x64.Build.0 = Debug|x64
		{B425CF28-1B6B-3B78-9E38-375D530AC330}.Release|x64.ActiveCfg = Release|x64
		{B425CF28-1B6B-3B78-9E38-375D530AC330}.Release|x64.Build.0 = Release|x64
		{E7D0BB32-DA4D-3C86-98BD-A0764900762D}.Debug|x64.ActiveCfg = Debug|x64
		{E7D0BB32-DA4D-3C86-98BD-A0764900762D}.Debug|x64.Build.0 = Debug|x64
		{E7D0BB32-DA4D-3C86-98BD-A0764900762D}.Release|x64.ActiveCfg = Release|x64
		{E7D0BB32-DA4D-3C86-98BD-A0764900762D}.Release|x64.Build.0 = Release|x64
		{73633C83-A60C-3E3F-9E02-9F6903C2BE68}.Debug|x64.ActiveCfg = Debug|x64
		{73633C83-A60C-3E3F-9E02-9F6903C2BE68}.Debug|x64.Build.0 = Debug|x64
		{73633C83-A60C-3E3F-9E02-9F6903C2BE68}.Release|x64.ActiveCfg = Release|x64
		{73633C83-A60C-3E3F-9E02-9F6903C2BE68}.Release|x64.Build.0 = Release|x64
		{5733E394-8E88-3E04-B6EE-BE2B1417F9DE}.Debug|x64.ActiveCfg = Debug|x64
		{5733E394-8E88-3E04-B6EE-BE2B1417F9DE}.Debug|x64.Build.0 = Debug|x64
		{5733E394-8E88-3E04-B6EE-BE2B1417F9DE}.Release|x64.ActiveCfg = Release|x64
		{5733E394-8E88-3E04-B6EE-BE2B1417F9DE}.Release|x64.Build.0 = Release|x64
		{745C19A8-DEA6-3BB0-BC37-981A08FDE117}.Debug|x64.ActiveCfg = Debug|x64
		{745C19A8-DEA6-3BB0-BC37-981A08FDE117}.Debug|x64.Build.0 = Debug|x64
		{745C19A8-DEA6-3BB0-BC37-981A08FDE117}.Release|x64.ActiveCfg = Release|x64
		{745C19A8-DEA6-3BB0-BC37-981A08FDE117}.Release|x64.Build.0 = Release|x64
		{DE0ED41B-A64E-38A9-A732-941F02BA5DB9}.Debug|x64.ActiveCfg = Debug|x64
		{DE0ED41B-A64E-38A9-A732-941F02BA5DB9}.Debug|x64.Build.0 = Debug|x64
		{DE0ED41B-A64E-38A9-A732-941F02BA5DB9}.Release|x64.ActiveCfg = Release|x64
		{DE0ED41B-A64E-38A9-A732-941F02BA5DB9}.Release|x64.Build.0 = Release|x64
		{77DE64ED-3D03-3A17-A05B-6C2BC1F9F522}.Debug|x64.ActiveCfg = Debug|x64
		{77DE64ED-3D03-3A17-A05B-6C2BC1F9F522}.Debug|x64.Build.0 = Debug|x64
		{77DE64ED-3D03-3A17-A05B-6C2BC1F9F522}.Release|x64.ActiveCfg = Release|x64
		{77DE64ED-3D03-3A17-A05B-6C2BC1F9F522}.Release|x64.Build.0 = Release|x64
		{8B3C87A0-05DA-324F-8090-15255252D595}.Debug|x64.ActiveCfg = Debug|x64
		{8B3C87A0-05DA-324F-8090-15255252D595}.Debug|x64.Build.0 = Debug|x64
		{8B3C87A0-05DA-324F-8090-15255252D595}.Release|x64.ActiveCfg = Release|x64
		{8B3C87A0-05DA-324F-8090-15255252D595}.Release|x64.Build.0 = Release|x64
		{AA597108-CF3F-3658-8EEF-A510060E3454}.Debug|x64.ActiveCfg = Debug|x64
		{AA597108-CF3F-3658-8EEF-A510060E3454}.Debug|x64.Build.0 = Debug|x64
		{AA597108-CF3F-3658-8EEF-A510060E3454}.Release|x64.ActiveCfg = Release|x64
		{AA597108-CF3F-3658-8EEF-A510060E3454}.Release|x64.Build.0 = Release|x64
		{380523E5-E4BB-3FF6-83AE-B7BA16021259}.Debug|x64.ActiveCfg = Debug|x64
		{380523E5-E4BB-3FF6-83AE-B7BA16021259}.Debug|x64.Build.0 = Debug|x64
		{380523E5-E4BB-3FF6-83AE-B7BA16021259}.Release|x64.ActiveCfg = Release|x64
		{380523E5-E4BB-3FF6-83AE-B7BA16021259}.Release|x64.Build.0 = Release|x64
		{28D4E26E-07E9-31AB-973E-A13D8A6AEF0E}.Debug|x64.ActiveCfg = Debug|x64
		{28D4E26E-07E9-31AB-973E-A13D8A6AEF0E}.Debug|x64.Build.0 = Debug|x64
		{28D4E26E-07E9-31AB-973E-A13D8A6AEF0E}.Release|x64.ActiveCfg = Release|x64
		{28D4E26E-07E9-31AB-973E-A13D8A6AEF0E}.Release|x64.Build.0 = Release|x64
	EndGlobalSection
	GlobalSection(ExtensibilityGlobals) = postSolution
	EndGlobalSection
	GlobalSection(ExtensibilityAddIns) = postSolution
	EndGlobalSection
EndGlobal